
Microsoft Visual Studio Solution File, Format Version 12.00
# Visual Studio Version 16
VisualStudioVersion = 16.0.31729.503
MinimumVisualStudioVersion = 10.0.40219.1
Project("{9A19103F-16F7-4668-BE54-9A1E7A4F7556}") = "Day10_1", "Day10_1\Day10_1.csproj", "{EC64CA5E-5C7B-42B7-ABC7-535744670A07}"
EndProject
Project("{9A19103F-16F7-4668-BE54-9A1E7A4F7556}") = "Day10_2", "Day10_2\Day10_2.csproj", "{67E4A95E-B0EC-4F39-833A-8412733B4E47}"
EndProject
Project("{9A19103F-16F7-4668-BE54-9A1E7A4F7556}") = "Day01_1", "Day01_1\Day01_1.csproj", "{1F7BF6F3-009A-44AD-85E6-628515A5648F}"
EndProject
Project("{9A19103F-16F7-4668-BE54-9A1E7A4F7556}") = "Day01_2", "Day01_2\Day01_2.csproj", "{75DF7CC3-8440-4C5C-A3C1-235308D190FE}"
EndProject
Project("{9A19103F-16F7-4668-BE54-9A1E7A4F7556}") = "Day02_1", "Day02_1\Day02_1.csproj", "{10DE0275-9C77-4168-8742-D4F02A0610BE}"
EndProject
Project("{9A19103F-16F7-4668-BE54-9A1E7A4F7556}") = "Day02_2", "Day02_2\Day02_2.csproj", "{A5BA1A9E-C26F-47AE-B1E3-538F390C1206}"
EndProject
Project("{9A19103F-16F7-4668-BE54-9A1E7A4F7556}") = "Day03_1", "Day03_1\Day03_1.csproj", "{CB9E58F5-49A5-4699-9164-5FF2C525EA7A}"
EndProject
Project("{9A19103F-16F7-4668-BE54-9A1E7A4F7556}") = "Day03_2", "Day03_2\Day03_2.csproj", "{B989A1FD-950B-4D58-BC86-C6F56BB2F592}"
EndProject
Project("{9A19103F-16F7-4668-BE54-9A1E7A4F7556}") = "Day04_1", "Day04_1\Day04_1.csproj", "{6D17CA99-AC55-49B8-B0D4-6C516B16D9FA}"
EndProject
Project("{9A19103F-16F7-4668-BE54-9A1E7A4F7556}") = "Day04_2", "Day04_2\Day04_2.csproj", "{CAA300C2-EB05-4752-AC23-8731D69F57D1}"
EndProject
Project("{9A19103F-16F7-4668-BE54-9A1E7A4F7556}") = "Day05_1", "Day05_1\Day05_1.csproj", "{2D133711-6FA6-45A6-8A19-389C80A9ED0E}"
EndProject
Project("{9A19103F-16F7-4668-BE54-9A1E7A4F7556}") = "Day05_2", "Day05_2\Day05_2.csproj", "{0D228362-F78A-4E86-9B96-3DAA62F99997}"
EndProject
Project("{9A19103F-16F7-4668-BE54-9A1E7A4F7556}") = "Day06_1", "Day06_1\Day06_1.csproj", "{B544AE04-8AED-435A-AD82-1B853A91C652}"
EndProject
Project("{9A19103F-16F7-4668-BE54-9A1E7A4F7556}") = "Day06_2", "Day06_2\Day06_2.csproj", "{E706DD48-C3EC-4E31-9EEF-6A80CF7BC663}"
EndProject
Project("{9A19103F-16F7-4668-BE54-9A1E7A4F7556}") = "Day07_1", "Day07_1\Day07_1.csproj", "{0E3991E4-E122-4998-BE6D-721BE700B960}"
EndProject
Project("{9A19103F-16F7-4668-BE54-9A1E7A4F7556}") = "Day07_2", "Day07_2\Day07_2.csproj", "{55885CBD-6A1C-4F86-863E-0C5841A896C7}"
EndProject
Project("{9A19103F-16F7-4668-BE54-9A1E7A4F7556}") = "Day08_1", "Day08_1\Day08_1.csproj", "{15164155-0BB9-47DE-A816-14ACF58FF8DB}"
EndProject
Project("{9A19103F-16F7-4668-BE54-9A1E7A4F7556}") = "Day08_2", "Day08_2\Day08_2.csproj", "{2D7440A2-2851-41CA-BAD8-4060A47BFE7A}"
EndProject
Project("{9A19103F-16F7-4668-BE54-9A1E7A4F7556}") = "Day09_1", "Day09_1\Day09_1.csproj", "{A8B9C231-72F5-469B-959B-0FE625AA6A98}"
EndProject
Project("{9A19103F-16F7-4668-BE54-9A1E7A4F7556}") = "Day09_2", "Day09_2\Day09_2.csproj", "{2BC1F045-3A96-4E39-8175-89FCC4BEBD04}"
EndProject
Global
	GlobalSection(SolutionConfigurationPlatforms) = preSolution
		Debug|Any CPU = Debug|Any CPU
		Release|Any CPU = Release|Any CPU
	EndGlobalSection
	GlobalSection(ProjectConfigurationPlatforms) = postSolution
		{EC64CA5E-5C7B-42B7-ABC7-535744670A07}.Debug|Any CPU.ActiveCfg = Debug|Any CPU
		{EC64CA5E-5C7B-42B7-ABC7-535744670A07}.Debug|Any CPU.Build.0 = Debug|Any CPU
		{EC64CA5E-5C7B-42B7-ABC7-535744670A07}.Release|Any CPU.ActiveCfg = Release|Any CPU
		{EC64CA5E-5C7B-42B7-ABC7-535744670A07}.Release|Any CPU.Build.0 = Release|Any CPU
		{67E4A95E-B0EC-4F39-833A-8412733B4E47}.Debug|Any CPU.ActiveCfg = Debug|Any CPU
		{67E4A95E-B0EC-4F39-833A-8412733B4E47}.Debug|Any CPU.Build.0 = Debug|Any CPU
		{67E4A95E-B0EC-4F39-833A-8412733B4E47}.Release|Any CPU.ActiveCfg = Release|Any CPU
		{67E4A95E-B0EC-4F39-833A-8412733B4E47}.Release|Any CPU.Build.0 = Release|Any CPU
		{1F7BF6F3-009A-44AD-85E6-628515A5648F}.Debug|Any CPU.ActiveCfg = Debug|Any CPU
		{1F7BF6F3-009A-44AD-85E6-628515A5648F}.Debug|Any CPU.Build.0 = Debug|Any CPU
		{1F7BF6F3-009A-44AD-85E6-628515A5648F}.Release|Any CPU.ActiveCfg = Release|Any CPU
		{1F7BF6F3-009A-44AD-85E6-628515A5648F}.Release|Any CPU.Build.0 = Release|Any CPU
		{75DF7CC3-8440-4C5C-A3C1-235308D190FE}.Debug|Any CPU.ActiveCfg = Debug|Any CPU
		{75DF7CC3-8440-4C5C-A3C1-235308D190FE}.Debug|Any CPU.Build.0 = Debug|Any CPU
		{75DF7CC3-8440-4C5C-A3C1-235308D190FE}.Release|Any CPU.ActiveCfg = Release|Any CPU
		{75DF7CC3-8440-4C5C-A3C1-235308D190FE}.Release|Any CPU.Build.0 = Release|Any CPU
		{10DE0275-9C77-4168-8742-D4F02A0610BE}.Debug|Any CPU.ActiveCfg = Debug|Any CPU
		{10DE0275-9C77-4168-8742-D4F02A0610BE}.Debug|Any CPU.Build.0 = Debug|Any CPU
		{10DE0275-9C77-4168-8742-D4F02A0610BE}.Release|Any CPU.ActiveCfg = Release|Any CPU
		{10DE0275-9C77-4168-8742-D4F02A0610BE}.Release|Any CPU.Build.0 = Release|Any CPU
		{A5BA1A9E-C26F-47AE-B1E3-538F390C1206}.Debug|Any CPU.ActiveCfg = Debug|Any CPU
		{A5BA1A9E-C26F-47AE-B1E3-538F390C1206}.Debug|Any CPU.Build.0 = Debug|Any CPU
		{A5BA1A9E-C26F-47AE-B1E3-538F390C1206}.Release|Any CPU.ActiveCfg = Release|Any CPU
		{A5BA1A9E-C26F-47AE-B1E3-538F390C1206}.Release|Any CPU.Build.0 = Release|Any CPU
		{CB9E58F5-49A5-4699-9164-5FF2C525EA7A}.Debug|Any CPU.ActiveCfg = Debug|Any CPU
		{CB9E58F5-49A5-4699-9164-5FF2C525EA7A}.Debug|Any CPU.Build.0 = Debug|Any CPU
		{CB9E58F5-49A5-4699-9164-5FF2C525EA7A}.Release|Any CPU.ActiveCfg = Release|Any CPU
		{CB9E58F5-49A5-4699-9164-5FF2C525EA7A}.Release|Any CPU.Build.0 = Release|Any CPU
		{B989A1FD-950B-4D58-BC86-C6F56BB2F592}.Debug|Any CPU.ActiveCfg = Debug|Any CPU
		{B989A1FD-950B-4D58-BC86-C6F56BB2F592}.Debug|Any CPU.Build.0 = Debug|Any CPU
		{B989A1FD-950B-4D58-BC86-C6F56BB2F592}.Release|Any CPU.ActiveCfg = Release|Any CPU
		{B989A1FD-950B-4D58-BC86-C6F56BB2F592}.Release|Any CPU.Build.0 = Release|Any CPU
		{6D17CA99-AC55-49B8-B0D4-6C516B16D9FA}.Debug|Any CPU.ActiveCfg = Debug|Any CPU
		{6D17CA99-AC55-49B8-B0D4-6C516B16D9FA}.Debug|Any CPU.Build.0 = Debug|Any CPU
		{6D17CA99-AC55-49B8-B0D4-6C516B16D9FA}.Release|Any CPU.ActiveCfg = Release|Any CPU
		{6D17CA99-AC55-49B8-B0D4-6C516B16D9FA}.Release|Any CPU.Build.0 = Release|Any CPU
		{CAA300C2-EB05-4752-AC23-8731D69F57D1}.Debug|Any CPU.ActiveCfg = Debug|Any CPU
		{CAA300C2-EB05-4752-AC23-8731D69F57D1}.Debug|Any CPU.Build.0 = Debug|Any CPU
		{CAA300C2-EB05-4752-AC23-8731D69F57D1}.Release|Any CPU.ActiveCfg = Release|Any CPU
		{CAA300C2-EB05-4752-AC23-8731D69F57D1}.Release|Any CPU.Build.0 = Release|Any CPU
		{2D133711-6FA6-45A6-8A19-389C80A9ED0E}.Debug|Any CPU.ActiveCfg = Debug|Any CPU
		{2D133711-6FA6-45A6-8A19-389C80A9ED0E}.Debug|Any CPU.Build.0 = Debug|Any CPU
		{2D133711-6FA6-45A6-8A19-389C80A9ED0E}.Release|Any CPU.ActiveCfg = Release|Any CPU
		{2D133711-6FA6-45A6-8A19-389C80A9ED0E}.Release|Any CPU.Build.0 = Release|Any CPU
		{0D228362-F78A-4E86-9B96-3DAA62F99997}.Debug|Any CPU.ActiveCfg = Debug|Any CPU
		{0D228362-F78A-4E86-9B96-3DAA62F99997}.Debug|Any CPU.Build.0 = Debug|Any CPU
		{0D228362-F78A-4E86-9B96-3DAA62F99997}.Release|Any CPU.ActiveCfg = Release|Any CPU
		{0D228362-F78A-4E86-9B96-3DAA62F99997}.Release|Any CPU.Build.0 = Release|Any CPU
		{B544AE04-8AED-435A-AD82-1B853A91C652}.Debug|Any CPU.ActiveCfg = Debug|Any CPU
		{B544AE04-8AED-435A-AD82-1B853A91C652}.Debug|Any CPU.Build.0 = Debug|Any CPU
		{B544AE04-8AED-435A-AD82-1B853A91C652}.Release|Any CPU.ActiveCfg = Release|Any CPU
		{B544AE04-8AED-435A-AD82-1B853A91C652}.Release|Any CPU.Build.0 = Release|Any CPU
		{E706DD48-C3EC-4E31-9EEF-6A80CF7BC663}.Debug|Any CPU.ActiveCfg = Debug|Any CPU
		{E706DD48-C3EC-4E31-9EEF-6A80CF7BC663}.Debug|Any CPU.Build.0 = Debug|Any CPU
		{E706DD48-C3EC-4E31-9EEF-6A80CF7BC663}.Release|Any CPU.ActiveCfg = Release|Any CPU
		{E706DD48-C3EC-4E31-9EEF-6A80CF7BC663}.Release|Any CPU.Build.0 = Release|Any CPU
		{0E3991E4-E122-4998-BE6D-721BE700B960}.Debug|Any CPU.ActiveCfg = Debug|Any CPU
		{0E3991E4-E122-4998-BE6D-721BE700B960}.Debug|Any CPU.Build.0 = Debug|Any CPU
		{0E3991E4-E122-4998-BE6D-721BE700B960}.Release|Any CPU.ActiveCfg = Release|Any CPU
		{0E3991E4-E122-4998-BE6D-721BE700B960}.Release|Any CPU.Build.0 = Release|Any CPU
		{55885CBD-6A1C-4F86-863E-0C5841A896C7}.Debug|Any CPU.ActiveCfg = Debug|Any CPU
		{55885CBD-6A1C-4F86-863E-0C5841A896C7}.Debug|Any CPU.Build.0 = Debug|Any CPU
		{55885CBD-6A1C-4F86-863E-0C5841A896C7}.Release|Any CPU.ActiveCfg = Release|Any CPU
		{55885CBD-6A1C-4F86-863E-0C5841A896C7}.Release|Any CPU.Build.0 = Release|Any CPU
		{15164155-0BB9-47DE-A816-14ACF58FF8DB}.Debug|Any CPU.ActiveCfg = Debug|Any CPU
		{15164155-0BB9-47DE-A816-14ACF58FF8DB}.Debug|Any CPU.Build.0 = Debug|Any CPU
		{15164155-0BB9-47DE-A816-14ACF58FF8DB}.Release|Any CPU.ActiveCfg = Release|Any CPU
		{15164155-0BB9-47DE-A816-14ACF58FF8DB}.Release|Any CPU.Build.0 = Release|Any CPU
		{2D7440A2-2851-41CA-BAD8-4060A47BFE7A}.Debug|Any CPU.ActiveCfg = Debug|Any CPU
		{2D7440A2-2851-41CA-BAD8-4060A47BFE7A}.Debug|Any CPU.Build.0 = Debug|Any CPU
		{2D7440A2-2851-41CA-BAD8-4060A47BFE7A}.Release|Any CPU.ActiveCfg = Release|Any CPU
		{2D7440A2-2851-41CA-BAD8-4060A47BFE7A}.Release|Any CPU.Build.0 = Release|Any CPU
		{A8B9C231-72F5-469B-959B-0FE625AA6A98}.Debug|Any CPU.ActiveCfg = Debug|Any CPU
		{A8B9C231-72F5-469B-959B-0FE625AA6A98}.Debug|Any CPU.Build.0 = Debug|Any CPU
		{A8B9C231-72F5-469B-959B-0FE625AA6A98}.Release|Any CPU.ActiveCfg = Release|Any CPU
		{A8B9C231-72F5-469B-959B-0FE625AA6A98}.Release|Any CPU.Build.0 = Release|Any CPU
		{2BC1F045-3A96-4E39-8175-89FCC4BEBD04}.Debug|Any CPU.ActiveCfg = Debug|Any CPU
		{2BC1F045-3A96-4E39-8175-89FCC4BEBD04}.Debug|Any CPU.Build.0 = Debug|Any CPU
		{2BC1F045-3A96-4E39-8175-89FCC4BEBD04}.Release|Any CPU.ActiveCfg = Release|Any CPU
		{2BC1F045-3A96-4E39-8175-89FCC4BEBD04}.Release|Any CPU.Build.0 = Release|Any CPU
	EndGlobalSection
	GlobalSection(SolutionProperties) = preSolution
		HideSolutionNode = FALSE
	EndGlobalSection
	GlobalSection(ExtensibilityGlobals) = postSolution
		SolutionGuid = {299AE7AD-A3D7-419C-98FC-C64F9ECC7E09}
	EndGlobalSection
EndGlobal
